
Microsoft Visual Studio Solution File, Format Version 12.00
# Visual Studio 15
VisualStudioVersion = 15.0.26430.6
MinimumVisualStudioVersion = 10.0.40219.1
Project("{FAE04EC0-301F-11D3-BF4B-00C04F79EFBC}") = "ProjectCustomRenderer.Android", "ProjectCustomRenderer\ProjectCustomRenderer.Android\ProjectCustomRenderer.Android.csproj", "{5545F19A-DB5D-476E-9112-1B32E3C3DDC2}"
EndProject
Project("{FAE04EC0-301F-11D3-BF4B-00C04F79EFBC}") = "ProjectCustomRenderer", "ProjectCustomRenderer\ProjectCustomRenderer\ProjectCustomRenderer.csproj", "{37CD5AEE-42C6-4D6C-A046-CC2A09D29D09}"
EndProject
Project("{FAE04EC0-301F-11D3-BF4B-00C04F79EFBC}") = "ProjectCustomRenderer.iOS", "ProjectCustomRenderer\ProjectCustomRenderer.iOS\ProjectCustomRenderer.iOS.csproj", "{28D93165-9ECA-48A5-B406-0F4289F86C53}"
EndProject
Global
	GlobalSection(SolutionConfigurationPlatforms) = preSolution
		Ad-Hoc|Any CPU = Ad-Hoc|Any CPU
		Ad-Hoc|iPhone = Ad-Hoc|iPhone
		Ad-Hoc|iPhoneSimulator = Ad-Hoc|iPhoneSimulator
		AppStore|Any CPU = AppStore|Any CPU
		AppStore|iPhone = AppStore|iPhone
		AppStore|iPhoneSimulator = AppStore|iPhoneSimulator
		Debug|Any CPU = Debug|Any CPU
		Debug|iPhone = Debug|iPhone
		Debug|iPhoneSimulator = Debug|iPhoneSimulator
		Release|Any CPU = Release|Any CPU
		Release|iPhone = Release|iPhone
		Release|iPhoneSimulator = Release|iPhoneSimulator
	EndGlobalSection
	GlobalSection(ProjectConfigurationPlatforms) = postSolution
		{5545F19A-DB5D-476E-9112-1B32E3C3DDC2}.Ad-Hoc|Any CPU.ActiveCfg = Release|Any CPU
		{5545F19A-DB5D-476E-9112-1B32E3C3DDC2}.Ad-Hoc|Any CPU.Build.0 = Release|Any CPU
		{5545F19A-DB5D-476E-9112-1B32E3C3DDC2}.Ad-Hoc|Any CPU.Deploy.0 = Release|Any CPU
		{5545F19A-DB5D-476E-9112-1B32E3C3DDC2}.Ad-Hoc|iPhone.ActiveCfg = Release|Any CPU
		{5545F19A-DB5D-476E-9112-1B32E3C3DDC2}.Ad-Hoc|iPhone.Build.0 = Release|Any CPU
		{5545F19A-DB5D-476E-9112-1B32E3C3DDC2}.Ad-Hoc|iPhone.Deploy.0 = Release|Any CPU
		{5545F19A-DB5D-476E-9112-1B32E3C3DDC2}.Ad-Hoc|iPhoneSimulator.ActiveCfg = Release|Any CPU
		{5545F19A-DB5D-476E-9112-1B32E3C3DDC2}.Ad-Hoc|iPhoneSimulator.Build.0 = Release|Any CPU
		{5545F19A-DB5D-476E-9112-1B32E3C3DDC2}.Ad-Hoc|iPhoneSimulator.Deploy.0 = Release|Any CPU
		{5545F19A-DB5D-476E-9112-1B32E3C3DDC2}.AppStore|Any CPU.ActiveCfg = Release|Any CPU
		{5545F19A-DB5D-476E-9112-1B32E3C3DDC2}.AppStore|Any CPU.Build.0 = Release|Any CPU
		{5545F19A-DB5D-476E-9112-1B32E3C3DDC2}.AppStore|Any CPU.Deploy.0 = Release|Any CPU
		{5545F19A-DB5D-476E-9112-1B32E3C3DDC2}.AppStore|iPhone.ActiveCfg = Release|Any CPU
		{5545F19A-DB5D-476E-9112-1B32E3C3DDC2}.AppStore|iPhone.Build.0 = Release|Any CPU
		{5545F19A-DB5D-476E-9112-1B32E3C3DDC2}.AppStore|iPhone.Deploy.0 = Release|Any CPU
		{5545F19A-DB5D-476E-9112-1B32E3C3DDC2}.AppStore|iPhoneSimulator.ActiveCfg = Release|Any CPU
		{5545F19A-DB5D-476E-9112-1B32E3C3DDC2}.AppStore|iPhoneSimulator.Build.0 = Release|Any CPU
		{5545F19A-DB5D-476E-9112-1B32E3C3DDC2}.AppStore|iPhoneSimulator.Deploy.0 = Release|Any CPU
		{5545F19A-DB5D-476E-9112-1B32E3C3DDC2}.Debug|Any CPU.ActiveCfg = Debug|Any CPU
		{5545F19A-DB5D-476E-9112-1B32E3C3DDC2}.Debug|Any CPU.Build.0 = Debug|Any CPU
		{5545F19A-DB5D-476E-9112-1B32E3C3DDC2}.Debug|Any CPU.Deploy.0 = Debug|Any CPU
		{5545F19A-DB5D-476E-9112-1B32E3C3DDC2}.Debug|iPhone.ActiveCfg = Debug|Any CPU
		{5545F19A-DB5D-476E-9112-1B32E3C3DDC2}.Debug|iPhone.Build.0 = Debug|Any CPU
		{5545F19A-DB5D-476E-9112-1B32E3C3DDC2}.Debug|iPhone.Deploy.0 = Debug|Any CPU
		{5545F19A-DB5D-476E-9112-1B32E3C3DDC2}.Debug|iPhoneSimulator.ActiveCfg = Debug|Any CPU
		{5545F19A-DB5D-476E-9112-1B32E3C3DDC2}.Debug|iPhoneSimulator.Build.0 = Debug|Any CPU
		{5545F19A-DB5D-476E-9112-1B32E3C3DDC2}.Debug|iPhoneSimulator.Deploy.0 = Debug|Any CPU
		{5545F19A-DB5D-476E-9112-1B32E3C3DDC2}.Release|Any CPU.ActiveCfg = Release|Any CPU
		{5545F19A-DB5D-476E-9112-1B32E3C3DDC2}.Release|Any CPU.Build.0 = Release|Any CPU
		{5545F19A-DB5D-476E-9112-1B32E3C3DDC2}.Release|Any CPU.Deploy.0 = Release|Any CPU
		{5545F19A-DB5D-476E-9112-1B32E3C3DDC2}.Release|iPhone.ActiveCfg = Release|Any CPU
		{5545F19A-DB5D-476E-9112-1B32E3C3DDC2}.Release|iPhone.Build.0 = Release|Any CPU
		{5545F19A-DB5D-476E-9112-1B32E3C3DDC2}.Release|iPhone.Deploy.0 = Release|Any CPU
		{5545F19A-DB5D-476E-9112-1B32E3C3DDC2}.Release|iPhoneSimulator.ActiveCfg = Release|Any CPU
		{5545F19A-DB5D-476E-9112-1B32E3C3DDC2}.Release|iPhoneSimulator.Build.0 = Release|Any CPU
		{5545F19A-DB5D-476E-9112-1B32E3C3DDC2}.Release|iPhoneSimulator.Deploy.0 = Release|Any CPU
		{37CD5AEE-42C6-4D6C-A046-CC2A09D29D09}.Ad-Hoc|Any CPU.ActiveCfg = Release|Any CPU
		{37CD5AEE-42C6-4D6C-A046-CC2A09D29D09}.Ad-Hoc|Any CPU.Build.0 = Release|Any CPU
		{37CD5AEE-42C6-4D6C-A046-CC2A09D29D09}.Ad-Hoc|iPhone.ActiveCfg = Release|Any CPU
		{37CD5AEE-42C6-4D6C-A046-CC2A09D29D09}.Ad-Hoc|iPhone.Build.0 = Release|Any CPU
		{37CD5AEE-42C6-4D6C-A046-CC2A09D29D09}.Ad-Hoc|iPhoneSimulator.ActiveCfg = Release|Any CPU
		{37CD5AEE-42C6-4D6C-A046-CC2A09D29D09}.Ad-Hoc|iPhoneSimulator.Build.0 = Release|Any CPU
		{37CD5AEE-42C6-4D6C-A046-CC2A09D29D09}.AppStore|Any CPU.ActiveCfg = Release|Any CPU
		{37CD5AEE-42C6-4D6C-A046-CC2A09D29D09}.AppStore|Any CPU.Build.0 = Release|Any CPU
		{37CD5AEE-42C6-4D6C-A046-CC2A09D29D09}.AppStore|iPhone.ActiveCfg = Release|Any CPU
		{37CD5AEE-42C6-4D6C-A046-CC2A09D29D09}.AppStore|iPhone.Build.0 = Release|Any CPU
		{37CD5AEE-42C6-4D6C-A046-CC2A09D29D09}.AppStore|iPhoneSimulator.ActiveCfg = Release|Any CPU
		{37CD5AEE-42C6-4D6C-A046-CC2A09D29D09}.AppStore|iPhoneSimulator.Build.0 = Release|Any CPU
		{37CD5AEE-42C6-4D6C-A046-CC2A09D29D09}.Debug|Any CPU.ActiveCfg = Debug|Any CPU
		{37CD5AEE-42C6-4D6C-A046-CC2A09D29D09}.Debug|Any CPU.Build.0 = Debug|Any CPU
		{37CD5AEE-42C6-4D6C-A046-CC2A09D29D09}.Debug|iPhone.ActiveCfg = Debug|Any CPU
		{37CD5AEE-42C6-4D6C-A046-CC2A09D29D09}.Debug|iPhone.Build.0 = Debug|Any CPU
		{37CD5AEE-42C6-4D6C-A046-CC2A09D29D09}.Debug|iPhoneSimulator.ActiveCfg = Debug|Any CPU
		{37CD5AEE-42C6-4D6C-A046-CC2A09D29D09}.Debug|iPhoneSimulator.Build.0 = Debug|Any CPU
		{37CD5AEE-42C6-4D6C-A046-CC2A09D29D09}.Release|Any CPU.ActiveCfg = Release|Any CPU
		{37CD5AEE-42C6-4D6C-A046-CC2A09D29D09}.Release|Any CPU.Build.0 = Release|Any CPU
		{37CD5AEE-42C6-4D6C-A046-CC2A09D29D09}.Release|iPhone.ActiveCfg = Release|Any CPU
		{37CD5AEE-42C6-4D6C-A046-CC2A09D29D09}.Release|iPhone.Build.0 = Release|Any CPU
		{37CD5AEE-42C6-4D6C-A046-CC2A09D29D09}.Release|iPhoneSimulator.ActiveCfg = Release|Any CPU
		{37CD5AEE-42C6-4D6C-A046-CC2A09D29D09}.Release|iPhoneSimulator.Build.0 = Release|Any CPU
		{28D93165-9ECA-48A5-B406-0F4289F86C53}.Ad-Hoc|Any CPU.ActiveCfg = Ad-Hoc|iPhone
		{28D93165-9ECA-48A5-B406-0F4289F86C53}.Ad-Hoc|iPhone.ActiveCfg = Ad-Hoc|iPhone
		{28D93165-9ECA-48A5-B406-0F4289F86C53}.Ad-Hoc|iPhone.Build.0 = Ad-Hoc|iPhone
		{28D93165-9ECA-48A5-B406-0F4289F86C53}.Ad-Hoc|iPhoneSimulator.ActiveCfg = Ad-Hoc|iPhoneSimulator
		{28D93165-9ECA-48A5-B406-0F4289F86C53}.Ad-Hoc|iPhoneSimulator.Build.0 = Ad-Hoc|iPhoneSimulator
		{28D93165-9ECA-48A5-B406-0F4289F86C53}.AppStore|Any CPU.ActiveCfg = AppStore|iPhone
		{28D93165-9ECA-48A5-B406-0F4289F86C53}.AppStore|iPhone.ActiveCfg = AppStore|iPhone
		{28D93165-9ECA-48A5-B406-0F4289F86C53}.AppStore|iPhone.Build.0 = AppStore|iPhone
		{28D93165-9ECA-48A5-B406-0F4289F86C53}.AppStore|iPhoneSimulator.ActiveCfg = AppStore|iPhoneSimulator
		{28D93165-9ECA-48A5-B406-0F4289F86C53}.AppStore|iPhoneSimulator.Build.0 = AppStore|iPhoneSimulator
		{28D93165-9ECA-48A5-B406-0F4289F86C53}.Debug|Any CPU.ActiveCfg = Debug|iPhone
		{28D93165-9ECA-48A5-B406-0F4289F86C53}.Debug|iPhone.ActiveCfg = Debug|iPhone
		{28D93165-9ECA-48A5-B406-0F4289F86C53}.Debug|iPhone.Build.0 = Debug|iPhone
		{28D93165-9ECA-48A5-B406-0F4289F86C53}.Debug|iPhoneSimulator.ActiveCfg = Debug|iPhoneSimulator
		{28D93165-9ECA-48A5-B406-0F4289F86C53}.Debug|iPhoneSimulator.Build.0 = Debug|iPhoneSimulator
		{28D93165-9ECA-48A5-B406-0F4289F86C53}.Release|Any CPU.ActiveCfg = Release|iPhone
		{28D93165-9ECA-48A5-B406-0F4289F86C53}.Release|iPhone.ActiveCfg = Release|iPhone
		{28D93165-9ECA-48A5-B406-0F4289F86C53}.Release|iPhone.Build.0 = Release|iPhone
		{28D93165-9ECA-48A5-B406-0F4289F86C53}.Release|iPhoneSimulator.ActiveCfg = Release|iPhoneSimulator
		{28D93165-9ECA-48A5-B406-0F4289F86C53}.Release|iPhoneSimulator.Build.0 = Release|iPhoneSimulator
	EndGlobalSection
	GlobalSection(SolutionProperties) = preSolution
		HideSolutionNode = FALSE
	EndGlobalSection
EndGlobal
